
Microsoft Visual Studio Solution File, Format Version 12.00
# Visual Studio Version 17
VisualStudioVersion = 17.14.36915.13 d17.14
MinimumVisualStudioVersion = 10.0.40219.1
Project("{FAE04EC0-301F-11D3-BF4B-00C04F79EFBC}") = "AD COURSEWORK 2", "AD COURSEWORK 2.csproj", "{F149D403-FE0A-4CDE-8080-6EE9397E2025}"
EndProject
Project("{FAE04EC0-301F-11D3-BF4B-00C04F79EFBC}") = "UniManage.Tests", "UniManage.Tests\UniManage.Tests.csproj", "{E2B8F7D1-5A4C-4E3B-9F2D-1C8E7A6B5D4C}"
EndProject
Global
	GlobalSection(SolutionConfigurationPlatforms) = preSolution
		Debug|Any CPU = Debug|Any CPU
		Release|Any CPU = Release|Any CPU
	EndGlobalSection
	GlobalSection(ProjectConfigurationPlatforms) = postSolution
		{F149D403-FE0A-4CDE-8080-6EE9397E2025}.Debug|Any CPU.ActiveCfg = Debug|Any CPU
		{F149D403-FE0A-4CDE-8080-6EE9397E2025}.Debug|Any CPU.Build.0 = Debug|Any CPU
		{F149D403-FE0A-4CDE-8080-6EE9397E2025}.Release|Any CPU.ActiveCfg = Release|Any CPU
		{F149D403-FE0A-4CDE-8080-6EE9397E2025}.Release|Any CPU.Build.0 = Release|Any CPU
		{E2B8F7D1-5A4C-4E3B-9F2D-1C8E7A6B5D4C}.Debug|Any CPU.ActiveCfg = Debug|Any CPU
		{E2B8F7D1-5A4C-4E3B-9F2D-1C8E7A6B5D4C}.Debug|Any CPU.Build.0 = Debug|Any CPU
		{E2B8F7D1-5A4C-4E3B-9F2D-1C8E7A6B5D4C}.Release|Any CPU.ActiveCfg = Release|Any CPU
		{E2B8F7D1-5A4C-4E3B-9F2D-1C8E7A6B5D4C}.Release|Any CPU.Build.0 = Release|Any CPU
	EndGlobalSection
	GlobalSection(SolutionProperties) = preSolution
		HideSolutionNode = FALSE
	EndGlobalSection
	GlobalSection(ExtensibilityGlobals) = postSolution
		SolutionGuid = {03139C44-79F9-471B-9B3B-2BCE725D3511}
	EndGlobalSection
EndGlobal
